
Microsoft Visual Studio Solution File, Format Version 12.00
# Visual Studio Version 17
VisualStudioVersion = 17.4.33110.190
MinimumVisualStudioVersion = 10.0.40219.1
Project("{FAE04EC0-301F-11D3-BF4B-00C04F79EFBC}") = "tp4dotnet", "tp4dotnet.csproj", "{05701F12-2C88-433E-BDA1-7F2DA1035DE9}"
EndProject
Global
	GlobalSection(SolutionConfigurationPlatforms) = preSolution
		Debug|Any CPU = Debug|Any CPU
		Release|Any CPU = Release|Any CPU
	EndGlobalSection
	GlobalSection(ProjectConfigurationPlatforms) = postSolution
		{05701F12-2C88-433E-BDA1-7F2DA1035DE9}.Debug|Any CPU.ActiveCfg = Debug|Any CPU
		{05701F12-2C88-433E-BDA1-7F2DA1035DE9}.Debug|Any CPU.Build.0 = Debug|Any CPU
		{05701F12-2C88-433E-BDA1-7F2DA1035DE9}.Release|Any CPU.ActiveCfg = Release|Any CPU
		{05701F12-2C88-433E-BDA1-7F2DA1035DE9}.Release|Any CPU.Build.0 = Release|Any CPU
	EndGlobalSection
	GlobalSection(SolutionProperties) = preSolution
		HideSolutionNode = FALSE
	EndGlobalSection
	GlobalSection(ExtensibilityGlobals) = postSolution
		SolutionGuid = {8A6F9AB9-D6E4-4036-A41A-05892A3F3D71}
	EndGlobalSection
EndGlobal
